// !$*UTF8*$!
{
	archiveVersion = 1;
	classes = {
	};
	objectVersion = 50;
	objects = {

/* Begin PBXBuildFile section */
		3ABE57CC26405BC5006FAE5D /* AppDelegate.swift in Sources */ = {isa = PBXBuildFile; fileRef = 3ABE57CB26405BC5006FAE5D /* AppDelegate.swift */; };
		3ABE57CE26405BC5006FAE5D /* art.scnassets in Resources */ = {isa = PBXBuildFile; fileRef = 3ABE57CD26405BC5006FAE5D /* art.scnassets */; };
		3ABE57D026405BC5006FAE5D /* ViewController.swift in Sources */ = {isa = PBXBuildFile; fileRef = 3ABE57CF26405BC5006FAE5D /* ViewController.swift */; };
		3ABE57D326405BC5006FAE5D /* Main.storyboard in Resources */ = {isa = PBXBuildFile; fileRef = 3ABE57D126405BC5006FAE5D /* Main.storyboard */; };
		3ABE57D826405BC6006FAE5D /* LaunchScreen.storyboard in Resources */ = {isa = PBXBuildFile; fileRef = 3ABE57D626405BC6006FAE5D /* LaunchScreen.storyboard */; };
		3ABE57E726406410006FAE5D /* Assets.xcassets in Resources */ = {isa = PBXBuildFile; fileRef = 3ABE57E626406410006FAE5D /* Assets.xcassets */; };
		3ABE57E926406450006FAE5D /* README.md in Resources */ = {isa = PBXBuildFile; fileRef = 3ABE57E826406450006FAE5D /* README.md */; };
/* End PBXBuildFile section */

/* Begin PBXFileReference section */
		3ABE57C826405BC5006FAE5D /* Poke3D.app */ = {isa = PBXFileReference; explicitFileType = wrapper.application; includeInIndex = 0; path = Poke3D.app; sourceTree = BUILT_PRODUCTS_DIR; };
		3ABE57CB26405BC5006FAE5D /* AppDelegate.swift */ = {isa = PBXFileReference; lastKnownFileType = sourcecode.swift; path = AppDelegate.swift; sourceTree = "<group>"; };
		3ABE57CD26405BC5006FAE5D /* art.scnassets */ = {isa = PBXFileReference; lastKnownFileType = wrapper.scnassets; path = art.scnassets; sourceTree = "<group>"; };
		3ABE57CF26405BC5006FAE5D /* ViewController.swift */ = {isa = PBXFileReference; lastKnownFileType = sourcecode.swift; path = ViewController.swift; sourceTree = "<group>"; };
		3ABE57D226405BC5006FAE5D /* Base */ = {isa = PBXFileReference; lastKnownFileType = file.storyboard; name = Base; path = Base.lproj/Main.storyboard; sourceTree = "<group>"; };
		3ABE57D726405BC6006FAE5D /* Base */ = {isa = PBXFileReference; lastKnownFileType = file.storyboard; name = Base; path = Base.lproj/LaunchScreen.storyboard; sourceTree = "<group>"; };
		3ABE57D926405BC6006FAE5D /* Info.plist */ = {isa = PBXFileReference; lastKnownFileType = text.plist.xml; path = Info.plist; sourceTree = "<group>"; };
		3ABE57E626406410006FAE5D /* Assets.xcassets */ = {isa = PBXFileReference; lastKnownFileType = folder.assetcatalog; path = Assets.xcassets; sourceTree = "<group>"; };
		3ABE57E826406450006FAE5D /* README.md */ = {isa = PBXFileReference; fileEncoding = 4; lastKnownFileType = net.daringfireball.markdown; path = README.md; sourceTree = SOURCE_ROOT; };
/* End PBXFileReference section */

/* Begin PBXFrameworksBuildPhase section */
		3ABE57C526405BC5006FAE5D /* Frameworks */ = {
			isa = PBXFrameworksBuildPhase;
			buildActionMask = 2147483647;
			files = (
			);
			runOnlyForDeploymentPostprocessing = 0;
		};
/* End PBXFrameworksBuildPhase section */

/* Begin PBXGroup section */
		3ABE57BF26405BC5006FAE5D = {
			isa = PBXGroup;
			children = (
				3ABE57CA26405BC5006FAE5D /* Poke3D */,
				3ABE57C926405BC5006FAE5D /* Products */,
			);
			sourceTree = "<group>";
		};
		3ABE57C926405BC5006FAE5D /* Products */ = {
			isa = PBXGroup;
			children = (
				3ABE57C826405BC5006FAE5D /* Poke3D.app */,
			);
			name = Products;
			sourceTree = "<group>";
		};
		3ABE57CA26405BC5006FAE5D /* Poke3D */ = {
			isa = PBXGroup;
			children = (
				3ABE57E826406450006FAE5D /* README.md */,
				3ABE57E3264063E0006FAE5D /* Model */,
				3ABE57E2264063DA006FAE5D /* View */,
				3ABE57E1264063CC006FAE5D /* Controller */,
				3ABE57E0264063B5006FAE5D /* Supporting Files */,
				3ABE57E4264063E7006FAE5D /* Helpers */,
			);
			path = Poke3D;
			sourceTree = "<group>";
		};
		3ABE57E0264063B5006FAE5D /* Supporting Files */ = {
			isa = PBXGroup;
			children = (
				3ABE57CD26405BC5006FAE5D /* art.scnassets */,
				3ABE57E626406410006FAE5D /* Assets.xcassets */,
				3ABE57CB26405BC5006FAE5D /* AppDelegate.swift */,
				3ABE57D626405BC6006FAE5D /* LaunchScreen.storyboard */,
				3ABE57D926405BC6006FAE5D /* Info.plist */,
			);
			path = "Supporting Files";
			sourceTree = "<group>";
		};
		3ABE57E1264063CC006FAE5D /* Controller */ = {
			isa = PBXGroup;
			children = (
				3ABE57CF26405BC5006FAE5D /* ViewController.swift */,
			);
			path = Controller;
			sourceTree = "<group>";
		};
		3ABE57E2264063DA006FAE5D /* View */ = {
			isa = PBXGroup;
			children = (
				3ABE57D126405BC5006FAE5D /* Main.storyboard */,
			);
			path = View;
			sourceTree = "<group>";
		};
		3ABE57E3264063E0006FAE5D /* Model */ = {
			isa = PBXGroup;
			children = (
			);
			path = Model;
			sourceTree = "<group>";
		};
		3ABE57E4264063E7006FAE5D /* Helpers */ = {
			isa = PBXGroup;
			children = (
				3ABE57E5264063EF006FAE5D /* Extensions */,
			);
			path = Helpers;
			sourceTree = "<group>";
		};
		3ABE57E5264063EF006FAE5D /* Extensions */ = {
			isa = PBXGroup;
			children = (
			);
			path = Extensions;
			sourceTree = "<group>";
		};
/* End PBXGroup section */

/* Begin PBXNativeTarget section */
		3ABE57C726405BC5006FAE5D /* Poke3D */ = {
			isa = PBXNativeTarget;
			buildConfigurationList = 3ABE57DC26405BC6006FAE5D /* Build configuration list for PBXNativeTarget "Poke3D" */;
			buildPhases = (
				3ABE57C426405BC5006FAE5D /* Sources */,
				3ABE57C526405BC5006FAE5D /* Frameworks */,
				3ABE57C626405BC5006FAE5D /* Resources */,
				3ABE57DF264063A9006FAE5D /* ShellScript */,
			);
			buildRules = (
			);
			dependencies = (
			);
			name = Poke3D;
			productName = Poke3D;
			productReference = 3ABE57C826405BC5006FAE5D /* Poke3D.app */;
			productType = "com.apple.product-type.application";
		};
/* End PBXNativeTarget section */

/* Begin PBXProject section */
		3ABE57C026405BC5006FAE5D /* Project object */ = {
			isa = PBXProject;
			attributes = {
				LastSwiftUpdateCheck = 1250;
				LastUpgradeCheck = 1250;
				TargetAttributes = {
					3ABE57C726405BC5006FAE5D = {
						CreatedOnToolsVersion = 12.5;
					};
				};
			};
			buildConfigurationList = 3ABE57C326405BC5006FAE5D /* Build configuration list for PBXProject "Poke3D" */;
			compatibilityVersion = "Xcode 9.3";
			developmentRegion = en;
			hasScannedForEncodings = 0;
			knownRegions = (
				en,
				Base,
			);
			mainGroup = 3ABE57BF26405BC5006FAE5D;
			productRefGroup = 3ABE57C926405BC5006FAE5D /* Products */;
			projectDirPath = "";
			projectRoot = "";
			targets = (
				3ABE57C726405BC5006FAE5D /* Poke3D */,
			);
		};
/* End PBXProject section */

/* Begin PBXResourcesBuildPhase section */
		3ABE57C626405BC5006FAE5D /* Resources */ = {
			isa = PBXResourcesBuildPhase;
			buildActionMask = 2147483647;
			files = (
				3ABE57CE26405BC5006FAE5D /* art.scnassets in Resources */,
				3ABE57D826405BC6006FAE5D /* LaunchScreen.storyboard in Resources */,
				3ABE57E926406450006FAE5D /* README.md in Resources */,
				3ABE57E726406410006FAE5D /* Assets.xcassets in Resources */,
				3ABE57D326405BC5006FAE5D /* Main.storyboard in Resources */,
			);
			runOnlyForDeploymentPostprocessing = 0;
		};
/* End PBXResourcesBuildPhase section */

/* Begin PBXShellScriptBuildPhase section */
		3ABE57DF264063A9006FAE5D /* ShellScript */ = {
			isa = PBXShellScriptBuildPhase;
			buildActionMask = 2147483647;
			files = (
			);
			inputFileListPaths = (
			);
			inputPaths = (
			);
			outputFileListPaths = (
			);
			outputPaths = (
			);
			runOnlyForDeploymentPostprocessing = 0;
			shellPath = /bin/sh;
			shellScript = "if which swiftlint >/dev/null; then\n    swiftlint\nelse\n    echo \"warning: SwiftLint not installed, download from https://github.com/realm/SwiftLint\"\nfi\n";
		};
/* End PBXShellScriptBuildPhase section */

/* Begin PBXSourcesBuildPhase section */
		3ABE57C426405BC5006FAE5D /* Sources */ = {
			isa = PBXSourcesBuildPhase;
			buildActionMask = 2147483647;
			files = (
				3ABE57D026405BC5006FAE5D /* ViewController.swift in Sources */,
				3ABE57CC26405BC5006FAE5D /* AppDelegate.swift in Sources */,
			);
			runOnlyForDeploymentPostprocessing = 0;
		};
/* End PBXSourcesBuildPhase section */

/* Begin PBXVariantGroup section */
		3ABE57D126405BC5006FAE5D /* Main.storyboard */ = {
			isa = PBXVariantGroup;
			children = (
				3ABE57D226405BC5006FAE5D /* Base */,
			);
			name = Main.storyboard;
			sourceTree = "<group>";
		};
		3ABE57D626405BC6006FAE5D /* LaunchScreen.storyboard */ = {
			isa = PBXVariantGroup;
			children = (
				3ABE57D726405BC6006FAE5D /* Base */,
			);
			name = LaunchScreen.storyboard;
			sourceTree = "<group>";
		};
/* End PBXVariantGroup section */

/* Begin XCBuildConfiguration section */
		3ABE57DA26405BC6006FAE5D /* Debug */ = {
			isa = XCBuildConfiguration;
			buildSettings = {
				ALWAYS_SEARCH_USER_PATHS = NO;
				CLANG_ANALYZER_NONNULL = YES;
				CLANG_ANALYZER_NUMBER_OBJECT_CONVERSION = YES_AGGRESSIVE;
				CLANG_CXX_LANGUAGE_STANDARD = "gnu++14";
				CLANG_CXX_LIBRARY = "libc++";
				CLANG_ENABLE_MODULES = YES;
				CLANG_ENABLE_OBJC_ARC = YES;
				CLANG_ENABLE_OBJC_WEAK = YES;
				CLANG_WARN_BLOCK_CAPTURE_AUTORELEASING = YES;
				CLANG_WARN_BOOL_CONVERSION = YES;
				CLANG_WARN_COMMA = YES;
				CLANG_WARN_CONSTANT_CONVERSION = YES;
				CLANG_WARN_DEPRECATED_OBJC_IMPLEMENTATIONS = YES;
				CLANG_WARN_DIRECT_OBJC_ISA_USAGE = YES_ERROR;
				CLANG_WARN_DOCUMENTATION_COMMENTS = YES;
				CLANG_WARN_EMPTY_BODY = YES;
				CLANG_WARN_ENUM_CONVERSION = YES;
				CLANG_WARN_INFINITE_RECURSION = YES;
				CLANG_WARN_INT_CONVERSION = YES;
				CLANG_WARN_NON_LITERAL_NULL_CONVERSION = YES;
				CLANG_WARN_OBJC_IMPLICIT_RETAIN_SELF = YES;
				CLANG_WARN_OBJC_LITERAL_CONVERSION = YES;
				CLANG_WARN_OBJC_ROOT_CLASS = YES_ERROR;
				CLANG_WARN_QUOTED_INCLUDE_IN_FRAMEWORK_HEADER = YES;
				CLANG_WARN_RANGE_LOOP_ANALYSIS = YES;
				CLANG_WARN_STRICT_PROTOTYPES = YES;
				CLANG_WARN_SUSPICIOUS_MOVE = YES;
				CLANG_WARN_UNGUARDED_AVAILABILITY = YES_AGGRESSIVE;
				CLANG_WARN_UNREACHABLE_CODE = YES;
				CLANG_WARN__DUPLICATE_METHOD_MATCH = YES;
				COPY_PHASE_STRIP = NO;
				DEBUG_INFORMATION_FORMAT = dwarf;
				ENABLE_STRICT_OBJC_MSGSEND = YES;
				ENABLE_TESTABILITY = YES;
				GCC_C_LANGUAGE_STANDARD = gnu11;
				GCC_DYNAMIC_NO_PIC = NO;
				GCC_NO_COMMON_BLOCKS = YES;
				GCC_OPTIMIZATION_LEVEL = 0;
				GCC_PREPROCESSOR_DEFINITIONS = (
					"DEBUG=1",
					"$(inherited)",
				);
				GCC_WARN_64_TO_32_BIT_CONVERSION = YES;
				GCC_WARN_ABOUT_RETURN_TYPE = YES_ERROR;
				GCC_WARN_UNDECLARED_SELECTOR = YES;
				GCC_WARN_UNINITIALIZED_AUTOS = YES_AGGRESSIVE;
				GCC_WARN_UNUSED_FUNCTION = YES;
				GCC_WARN_UNUSED_VARIABLE = YES;
				IPHONEOS_DEPLOYMENT_TARGET = 14.5;
				MTL_ENABLE_DEBUG_INFO = INCLUDE_SOURCE;
				MTL_FAST_MATH = YES;
				ONLY_ACTIVE_ARCH = YES;
				SDKROOT = iphoneos;
				SWIFT_ACTIVE_COMPILATION_CONDITIONS = DEBUG;
				SWIFT_OPTIMIZATION_LEVEL = "-Onone";
			};
			name = Debug;
		};
		3ABE57DB26405BC6006FAE5D /* Release */ = {
			isa = XCBuildConfiguration;
			buildSettings = {
				ALWAYS_SEARCH_USER_PATHS = NO;
				CLANG_ANALYZER_NONNULL = YES;
				CLANG_ANALYZER_NUMBER_OBJECT_CONVERSION = YES_AGGRESSIVE;
				CLANG_CXX_LANGUAGE_STANDARD = "gnu++14";
				CLANG_CXX_LIBRARY = "libc++";
				CLANG_ENABLE_MODULES = YES;
				CLANG_ENABLE_OBJC_ARC = YES;
				CLANG_ENABLE_OBJC_WEAK = YES;
				CLANG_WARN_BLOCK_CAPTURE_AUTORELEASING = YES;
				CLANG_WARN_BOOL_CONVERSION = YES;
				CLANG_WARN_COMMA = YES;
				CLANG_WARN_CONSTANT_CONVERSION = YES;
				CLANG_WARN_DEPRECATED_OBJC_IMPLEMENTATIONS = YES;
				CLANG_WARN_DIRECT_OBJC_ISA_USAGE = YES_ERROR;
				CLANG_WARN_DOCUMENTATION_COMMENTS = YES;
				CLANG_WARN_EMPTY_BODY = YES;
				CLANG_WARN_ENUM_CONVERSION = YES;
				CLANG_WARN_INFINITE_RECURSION = YES;
				CLANG_WARN_INT_CONVERSION = YES;
				CLANG_WARN_NON_LITERAL_NULL_CONVERSION = YES;
				CLANG_WARN_OBJC_IMPLICIT_RETAIN_SELF = YES;
				CLANG_WARN_OBJC_LITERAL_CONVERSION = YES;
				CLANG_WARN_OBJC_ROOT_CLASS = YES_ERROR;
				CLANG_WARN_QUOTED_INCLUDE_IN_FRAMEWORK_HEADER = YES;
				CLANG_WARN_RANGE_LOOP_ANALYSIS = YES;
				CLANG_WARN_STRICT_PROTOTYPES = YES;
				CLANG_WARN_SUSPICIOUS_MOVE = YES;
				CLANG_WARN_UNGUARDED_AVAILABILITY = YES_AGGRESSIVE;
				CLANG_WARN_UNREACHABLE_CODE = YES;
				CLANG_WARN__DUPLICATE_METHOD_MATCH = YES;
				COPY_PHASE_STRIP = NO;
				DEBUG_INFORMATION_FORMAT = "dwarf-with-dsym";
				ENABLE_NS_ASSERTIONS = NO;
				ENABLE_STRICT_OBJC_MSGSEND = YES;
				GCC_C_LANGUAGE_STANDARD = gnu11;
				GCC_NO_COMMON_BLOCKS = YES;
				GCC_WARN_64_TO_32_BIT_CONVERSION = YES;
				GCC_WARN_ABOUT_RETURN_TYPE = YES_ERROR;
				GCC_WARN_UNDECLARED_SELECTOR = YES;
				GCC_WARN_UNINITIALIZED_AUTOS = YES_AGGRESSIVE;
				GCC_WARN_UNUSED_FUNCTION = YES;
				GCC_WARN_UNUSED_VARIABLE = YES;
				IPHONEOS_DEPLOYMENT_TARGET = 14.5;
				MTL_ENABLE_DEBUG_INFO = NO;
				MTL_FAST_MATH = YES;
				SDKROOT = iphoneos;
				SWIFT_COMPILATION_MODE = wholemodule;
				SWIFT_OPTIMIZATION_LEVEL = "-O";
				VALIDATE_PRODUCT = YES;
			};
			name = Release;
		};
		3ABE57DD26405BC6006FAE5D /* Debug */ = {
			isa = XCBuildConfiguration;
			buildSettings = {
				ASSETCATALOG_COMPILER_APPICON_NAME = AppIcon;
				ASSETCATALOG_COMPILER_GLOBAL_ACCENT_COLOR_NAME = AccentColor;
				CODE_SIGN_STYLE = Automatic;
				DEVELOPMENT_TEAM = AS4ZG3MAQH;
				INFOPLIST_FILE = "Poke3D/Supporting Files/Info.plist";
				LD_RUNPATH_SEARCH_PATHS = (
					"$(inherited)",
					"@executable_path/Frameworks",
				);
				PRODUCT_BUNDLE_IDENTIFIER = io.angelappdev.Poke3D;
				PRODUCT_NAME = "$(TARGET_NAME)";
				SWIFT_VERSION = 5.0;
				TARGETED_DEVICE_FAMILY = "1,2";
			};
			name = Debug;
		};
		3ABE57DE26405BC6006FAE5D /* Release */ = {
			isa = XCBuildConfiguration;
			buildSettings = {
				ASSETCATALOG_COMPILER_APPICON_NAME = AppIcon;
				ASSETCATALOG_COMPILER_GLOBAL_ACCENT_COLOR_NAME = AccentColor;
				CODE_SIGN_STYLE = Automatic;
				DEVELOPMENT_TEAM = AS4ZG3MAQH;
				INFOPLIST_FILE = "Poke3D/Supporting Files/Info.plist";
				LD_RUNPATH_SEARCH_PATHS = (
					"$(inherited)",
					"@executable_path/Frameworks",
				);
				PRODUCT_BUNDLE_IDENTIFIER = io.angelappdev.Poke3D;
				PRODUCT_NAME = "$(TARGET_NAME)";
				SWIFT_VERSION = 5.0;
				TARGETED_DEVICE_FAMILY = "1,2";
			};
			name = Release;
		};
/* End XCBuildConfiguration section */

/* Begin XCConfigurationList section */
		3ABE57C326405BC5006FAE5D /* Build configuration list for PBXProject "Poke3D" */ = {
			isa = XCConfigurationList;
			buildConfigurations = (
				3ABE57DA26405BC6006FAE5D /* Debug */,
				3ABE57DB26405BC6006FAE5D /* Release */,
			);
			defaultConfigurationIsVisible = 0;
			defaultConfigurationName = Release;
		};
		3ABE57DC26405BC6006FAE5D /* Build configuration list for PBXNativeTarget "Poke3D" */ = {
			isa = XCConfigurationList;
			buildConfigurations = (
				3ABE57DD26405BC6006FAE5D /* Debug */,
				3ABE57DE26405BC6006FAE5D /* Release */,
			);
			defaultConfigurationIsVisible = 0;
			defaultConfigurationName = Release;
		};
/* End XCConfigurationList section */
	};
	rootObject = 3ABE57C026405BC5006FAE5D /* Project object */;
}
